
Microsoft Visual Studio Solution File, Format Version 12.00
# Visual Studio 15
VisualStudioVersion = 15.0.27004.2002
MinimumVisualStudioVersion = 10.0.40219.1
Project("{FAE04EC0-301F-11D3-BF4B-00C04F79EFBC}") = "ConsoleApp9", "ConsoleApp9\ConsoleApp9.csproj", "{83EC5288-7C63-4D03-B0CA-CB0D8A6FF393}"
EndProject
Global
	GlobalSection(SolutionConfigurationPlatforms) = preSolution
		Debug|Any CPU = Debug|Any CPU
		Release|Any CPU = Release|Any CPU
	EndGlobalSection
	GlobalSection(ProjectConfigurationPlatforms) = postSolution
		{83EC5288-7C63-4D03-B0CA-CB0D8A6FF393}.Debug|Any CPU.ActiveCfg = Debug|Any CPU
		{83EC5288-7C63-4D03-B0CA-CB0D8A6FF393}.Debug|Any CPU.Build.0 = Debug|Any CPU
		{83EC5288-7C63-4D03-B0CA-CB0D8A6FF393}.Release|Any CPU.ActiveCfg = Release|Any CPU
		{83EC5288-7C63-4D03-B0CA-CB0D8A6FF393}.Release|Any CPU.Build.0 = Release|Any CPU
	EndGlobalSection
	GlobalSection(SolutionProperties) = preSolution
		HideSolutionNode = FALSE
	EndGlobalSection
	GlobalSection(ExtensibilityGlobals) = postSolution
		SolutionGuid = {74132F40-BD4B-497F-8512-418A4A5C2D00}
	EndGlobalSection
EndGlobal
